
Microsoft Visual Studio Solution File, Format Version 12.00
# Visual Studio 15
VisualStudioVersion = 15.0.28307.572
MinimumVisualStudioVersion = 10.0.40219.1
Project("{9A19103F-16F7-4668-BE54-9A1E7A4F7556}") = "S1M3F2019_Demos", "S1M3F2019_Demos\S1M3F2019_Demos.csproj", "{84F4B4D9-8723-4164-9A2F-65C7E8661E23}"
EndProject
Project("{9A19103F-16F7-4668-BE54-9A1E7A4F7556}") = "Consoletricks", "Consoletricks\Consoletricks.csproj", "{88E51CD9-90FC-43FE-BF17-2D3AA87135BA}"
EndProject
Project("{9A19103F-16F7-4668-BE54-9A1E7A4F7556}") = "BooleanLogic", "BooleanLogic\BooleanLogic.csproj", "{51461689-591A-4D1E-89E2-AC2C7EB8E704}"
EndProject
Project("{FAE04EC0-301F-11D3-BF4B-00C04F79EFBC}") = "TaxesAndStuff", "TaxesAndStuff\TaxesAndStuff.csproj", "{B7D66674-7B93-4AD8-B9DC-6526116D0CA3}"
EndProject
Project("{9A19103F-16F7-4668-BE54-9A1E7A4F7556}") = "LoopLogic", "LoopLogic\LoopLogic.csproj", "{60078D3F-2225-49DA-B824-055DD12B39B8}"
EndProject
Project("{9A19103F-16F7-4668-BE54-9A1E7A4F7556}") = "ListendeLists", "ListendeLists\ListendeLists.csproj", "{C9980FC0-3052-4AE1-A2BF-9D6893C047D3}"
EndProject
Project("{9A19103F-16F7-4668-BE54-9A1E7A4F7556}") = "ModneMetoder", "ModneMetoder\ModneMetoder.csproj", "{7EAFF06E-6144-454D-B11A-19FADE705E04}"
EndProject
Project("{9A19103F-16F7-4668-BE54-9A1E7A4F7556}") = "ConsoleWriter", "ConsoleWriter\ConsoleWriter.csproj", "{7703B2EE-E363-451E-8608-A31DD162166B}"
EndProject
Project("{9A19103F-16F7-4668-BE54-9A1E7A4F7556}") = "AritmetikDemo", "AritmetikDemo\AritmetikDemo.csproj", "{A17596BA-47D6-49CC-BE49-3D5874FB7704}"
EndProject
Project("{9A19103F-16F7-4668-BE54-9A1E7A4F7556}") = "OOP_Demo", "OOP_Demo\OOP_Demo.csproj", "{69A63B26-5BF7-4A91-A6F6-FEA6899DBFEA}"
EndProject
Project("{9A19103F-16F7-4668-BE54-9A1E7A4F7556}") = "ClassyClasses", "ClassyClasses\ClassyClasses.csproj", "{207A9F99-51F1-46E3-AC90-05D43C26070D}"
EndProject
Project("{9A19103F-16F7-4668-BE54-9A1E7A4F7556}") = "StreamReaderDemo", "StreamReaderDemo\StreamReaderDemo.csproj", "{0BA91F65-0AD3-47E0-A259-64E9388A298A}"
EndProject
Project("{9A19103F-16F7-4668-BE54-9A1E7A4F7556}") = "Boxdemo", "Boxdemo\Boxdemo.csproj", "{728C865E-9EC6-4641-90E7-AF54CC702B59}"
EndProject
Project("{9A19103F-16F7-4668-BE54-9A1E7A4F7556}") = "RazorPagesIntro", "RazorPagesIntro\RazorPagesIntro.csproj", "{D2251E6C-1A83-443B-A344-122053F24531}"
EndProject
Project("{9A19103F-16F7-4668-BE54-9A1E7A4F7556}") = "PeopleDemo", "PeopleDemo\PeopleDemo.csproj", "{81F805DD-E4BC-4D47-B19D-B7C901F9EDB3}"
EndProject
Project("{9A19103F-16F7-4668-BE54-9A1E7A4F7556}") = "MakotoDemo", "MakotoDemo\MakotoDemo.csproj", "{A5453D75-371F-42CB-AA52-CD572F0FC04C}"
EndProject
Project("{FAE04EC0-301F-11D3-BF4B-00C04F79EFBC}") = "ExtMethods", "ExtMethods\ExtMethods.csproj", "{C71E3152-7D5C-4E5F-A1AE-7EE19A727218}"
EndProject
Project("{FAE04EC0-301F-11D3-BF4B-00C04F79EFBC}") = "InheritanceDemo", "InheritanceDemo\InheritanceDemo.csproj", "{70931F5F-FB4E-4167-B8A9-6335DDDC308D}"
EndProject
Global
	GlobalSection(SolutionConfigurationPlatforms) = preSolution
		Debug|Any CPU = Debug|Any CPU
		Release|Any CPU = Release|Any CPU
	EndGlobalSection
	GlobalSection(ProjectConfigurationPlatforms) = postSolution
		{84F4B4D9-8723-4164-9A2F-65C7E8661E23}.Debug|Any CPU.ActiveCfg = Debug|Any CPU
		{84F4B4D9-8723-4164-9A2F-65C7E8661E23}.Debug|Any CPU.Build.0 = Debug|Any CPU
		{84F4B4D9-8723-4164-9A2F-65C7E8661E23}.Release|Any CPU.ActiveCfg = Release|Any CPU
		{84F4B4D9-8723-4164-9A2F-65C7E8661E23}.Release|Any CPU.Build.0 = Release|Any CPU
		{88E51CD9-90FC-43FE-BF17-2D3AA87135BA}.Debug|Any CPU.ActiveCfg = Debug|Any CPU
		{88E51CD9-90FC-43FE-BF17-2D3AA87135BA}.Debug|Any CPU.Build.0 = Debug|Any CPU
		{88E51CD9-90FC-43FE-BF17-2D3AA87135BA}.Release|Any CPU.ActiveCfg = Release|Any CPU
		{88E51CD9-90FC-43FE-BF17-2D3AA87135BA}.Release|Any CPU.Build.0 = Release|Any CPU
		{51461689-591A-4D1E-89E2-AC2C7EB8E704}.Debug|Any CPU.ActiveCfg = Debug|Any CPU
		{51461689-591A-4D1E-89E2-AC2C7EB8E704}.Debug|Any CPU.Build.0 = Debug|Any CPU
		{51461689-591A-4D1E-89E2-AC2C7EB8E704}.Release|Any CPU.ActiveCfg = Release|Any CPU
		{51461689-591A-4D1E-89E2-AC2C7EB8E704}.Release|Any CPU.Build.0 = Release|Any CPU
		{B7D66674-7B93-4AD8-B9DC-6526116D0CA3}.Debug|Any CPU.ActiveCfg = Debug|Any CPU
		{B7D66674-7B93-4AD8-B9DC-6526116D0CA3}.Debug|Any CPU.Build.0 = Debug|Any CPU
		{B7D66674-7B93-4AD8-B9DC-6526116D0CA3}.Release|Any CPU.ActiveCfg = Release|Any CPU
		{B7D66674-7B93-4AD8-B9DC-6526116D0CA3}.Release|Any CPU.Build.0 = Release|Any CPU
		{60078D3F-2225-49DA-B824-055DD12B39B8}.Debug|Any CPU.ActiveCfg = Debug|Any CPU
		{60078D3F-2225-49DA-B824-055DD12B39B8}.Debug|Any CPU.Build.0 = Debug|Any CPU
		{60078D3F-2225-49DA-B824-055DD12B39B8}.Release|Any CPU.ActiveCfg = Release|Any CPU
		{60078D3F-2225-49DA-B824-055DD12B39B8}.Release|Any CPU.Build.0 = Release|Any CPU
		{C9980FC0-3052-4AE1-A2BF-9D6893C047D3}.Debug|Any CPU.ActiveCfg = Debug|Any CPU
		{C9980FC0-3052-4AE1-A2BF-9D6893C047D3}.Debug|Any CPU.Build.0 = Debug|Any CPU
		{C9980FC0-3052-4AE1-A2BF-9D6893C047D3}.Release|Any CPU.ActiveCfg = Release|Any CPU
		{C9980FC0-3052-4AE1-A2BF-9D6893C047D3}.Release|Any CPU.Build.0 = Release|Any CPU
		{7EAFF06E-6144-454D-B11A-19FADE705E04}.Debug|Any CPU.ActiveCfg = Debug|Any CPU
		{7EAFF06E-6144-454D-B11A-19FADE705E04}.Debug|Any CPU.Build.0 = Debug|Any CPU
		{7EAFF06E-6144-454D-B11A-19FADE705E04}.Release|Any CPU.ActiveCfg = Release|Any CPU
		{7EAFF06E-6144-454D-B11A-19FADE705E04}.Release|Any CPU.Build.0 = Release|Any CPU
		{7703B2EE-E363-451E-8608-A31DD162166B}.Debug|Any CPU.ActiveCfg = Debug|Any CPU
		{7703B2EE-E363-451E-8608-A31DD162166B}.Debug|Any CPU.Build.0 = Debug|Any CPU
		{7703B2EE-E363-451E-8608-A31DD162166B}.Release|Any CPU.ActiveCfg = Release|Any CPU
		{7703B2EE-E363-451E-8608-A31DD162166B}.Release|Any CPU.Build.0 = Release|Any CPU
		{A17596BA-47D6-49CC-BE49-3D5874FB7704}.Debug|Any CPU.ActiveCfg = Debug|Any CPU
		{A17596BA-47D6-49CC-BE49-3D5874FB7704}.Debug|Any CPU.Build.0 = Debug|Any CPU
		{A17596BA-47D6-49CC-BE49-3D5874FB7704}.Release|Any CPU.ActiveCfg = Release|Any CPU
		{A17596BA-47D6-49CC-BE49-3D5874FB7704}.Release|Any CPU.Build.0 = Release|Any CPU
		{69A63B26-5BF7-4A91-A6F6-FEA6899DBFEA}.Debug|Any CPU.ActiveCfg = Debug|Any CPU
		{69A63B26-5BF7-4A91-A6F6-FEA6899DBFEA}.Debug|Any CPU.Build.0 = Debug|Any CPU
		{69A63B26-5BF7-4A91-A6F6-FEA6899DBFEA}.Release|Any CPU.ActiveCfg = Release|Any CPU
		{69A63B26-5BF7-4A91-A6F6-FEA6899DBFEA}.Release|Any CPU.Build.0 = Release|Any CPU
		{207A9F99-51F1-46E3-AC90-05D43C26070D}.Debug|Any CPU.ActiveCfg = Debug|Any CPU
		{207A9F99-51F1-46E3-AC90-05D43C26070D}.Debug|Any CPU.Build.0 = Debug|Any CPU
		{207A9F99-51F1-46E3-AC90-05D43C26070D}.Release|Any CPU.ActiveCfg = Release|Any CPU
		{207A9F99-51F1-46E3-AC90-05D43C26070D}.Release|Any CPU.Build.0 = Release|Any CPU
		{0BA91F65-0AD3-47E0-A259-64E9388A298A}.Debug|Any CPU.ActiveCfg = Debug|Any CPU
		{0BA91F65-0AD3-47E0-A259-64E9388A298A}.Debug|Any CPU.Build.0 = Debug|Any CPU
		{0BA91F65-0AD3-47E0-A259-64E9388A298A}.Release|Any CPU.ActiveCfg = Release|Any CPU
		{0BA91F65-0AD3-47E0-A259-64E9388A298A}.Release|Any CPU.Build.0 = Release|Any CPU
		{728C865E-9EC6-4641-90E7-AF54CC702B59}.Debug|Any CPU.ActiveCfg = Debug|Any CPU
		{728C865E-9EC6-4641-90E7-AF54CC702B59}.Debug|Any CPU.Build.0 = Debug|Any CPU
		{728C865E-9EC6-4641-90E7-AF54CC702B59}.Release|Any CPU.ActiveCfg = Release|Any CPU
		{728C865E-9EC6-4641-90E7-AF54CC702B59}.Release|Any CPU.Build.0 = Release|Any CPU
		{D2251E6C-1A83-443B-A344-122053F24531}.Debug|Any CPU.ActiveCfg = Debug|Any CPU
		{D2251E6C-1A83-443B-A344-122053F24531}.Debug|Any CPU.Build.0 = Debug|Any CPU
		{D2251E6C-1A83-443B-A344-122053F24531}.Release|Any CPU.ActiveCfg = Release|Any CPU
		{D2251E6C-1A83-443B-A344-122053F24531}.Release|Any CPU.Build.0 = Release|Any CPU
		{81F805DD-E4BC-4D47-B19D-B7C901F9EDB3}.Debug|Any CPU.ActiveCfg = Debug|Any CPU
		{81F805DD-E4BC-4D47-B19D-B7C901F9EDB3}.Debug|Any CPU.Build.0 = Debug|Any CPU
		{81F805DD-E4BC-4D47-B19D-B7C901F9EDB3}.Release|Any CPU.ActiveCfg = Release|Any CPU
		{81F805DD-E4BC-4D47-B19D-B7C901F9EDB3}.Release|Any CPU.Build.0 = Release|Any CPU
		{A5453D75-371F-42CB-AA52-CD572F0FC04C}.Debug|Any CPU.ActiveCfg = Debug|Any CPU
		{A5453D75-371F-42CB-AA52-CD572F0FC04C}.Debug|Any CPU.Build.0 = Debug|Any CPU
		{A5453D75-371F-42CB-AA52-CD572F0FC04C}.Release|Any CPU.ActiveCfg = Release|Any CPU
		{A5453D75-371F-42CB-AA52-CD572F0FC04C}.Release|Any CPU.Build.0 = Release|Any CPU
		{C71E3152-7D5C-4E5F-A1AE-7EE19A727218}.Debug|Any CPU.ActiveCfg = Debug|Any CPU
		{C71E3152-7D5C-4E5F-A1AE-7EE19A727218}.Debug|Any CPU.Build.0 = Debug|Any CPU
		{C71E3152-7D5C-4E5F-A1AE-7EE19A727218}.Release|Any CPU.ActiveCfg = Release|Any CPU
		{C71E3152-7D5C-4E5F-A1AE-7EE19A727218}.Release|Any CPU.Build.0 = Release|Any CPU
		{70931F5F-FB4E-4167-B8A9-6335DDDC308D}.Debug|Any CPU.ActiveCfg = Debug|Any CPU
		{70931F5F-FB4E-4167-B8A9-6335DDDC308D}.Debug|Any CPU.Build.0 = Debug|Any CPU
		{70931F5F-FB4E-4167-B8A9-6335DDDC308D}.Release|Any CPU.ActiveCfg = Release|Any CPU
		{70931F5F-FB4E-4167-B8A9-6335DDDC308D}.Release|Any CPU.Build.0 = Release|Any CPU
	EndGlobalSection
	GlobalSection(SolutionProperties) = preSolution
		HideSolutionNode = FALSE
	EndGlobalSection
	GlobalSection(ExtensibilityGlobals) = postSolution
		SolutionGuid = {2AE87460-3E28-421C-B98B-7BF46F80AB63}
	EndGlobalSection
EndGlobal
